[root]
name = "hue"
version = "0.1.0"
dependencies = [
 "dump 0.1.1 (registry+https://github.com/rust-lang/crates.io-index)",
 "pest 1.0.0-beta.5 (registry+https://github.com/rust-lang/crates.io-index)",
 "pest_derive 1.0.0-beta.5 (registry+https://github.com/rust-lang/crates.io-index)",
]

[[package]]
name = "dump"
version = "0.1.1"
source = "registry+https://github.com/rust-lang/crates.io-index"

[[package]]
name = "pest"
version = "1.0.0-beta.5"
source = "registry+https://github.com/rust-lang/crates.io-index"

[[package]]
name = "pest_derive"
version = "1.0.0-beta.5"
source = "registry+https://github.com/rust-lang/crates.io-index"
dependencies = [
 "pest 1.0.0-beta.5 (registry+https://github.com/rust-lang/crates.io-index)",
 "quote 0.3.15 (registry+https://github.com/rust-lang/crates.io-index)",
 "syn 0.10.8 (registry+https://github.com/rust-lang/crates.io-index)",
]

[[package]]
name = "quote"
version = "0.3.15"
source = "registry+https://github.com/rust-lang/crates.io-index"

[[package]]
name = "syn"
version = "0.10.8"
source = "registry+https://github.com/rust-lang/crates.io-index"
dependencies = [
 "quote 0.3.15 (registry+https://github.com/rust-lang/crates.io-index)",
 "unicode-xid 0.0.4 (registry+https://github.com/rust-lang/crates.io-index)",
]

[[package]]
name = "unicode-xid"
version = "0.0.4"
source = "registry+https://github.com/rust-lang/crates.io-index"

[metadata]
"checksum dump 0.1.1 (registry+https://github.com/rust-lang/crates.io-index)" = "2cdf33a83c5657a80b925bd6b340b9382e2a04c719df732b5d8c26b33bd2500a"
"checksum pest 1.0.0-beta.5 (registry+https://github.com/rust-lang/crates.io-index)" = "5e3828b8b0151a514fbcb1d14439c43243ce4408c98cb891c4b4ecbce1c39bf1"
"checksum pest_derive 1.0.0-beta.5 (registry+https://github.com/rust-lang/crates.io-index)" = "b474cfcafb607487bc72cf3a9888beec9ef104e79dc74f5ca8c93045ba6c88e5"
"checksum quote 0.3.15 (registry+https://github.com/rust-lang/crates.io-index)" = "7a6e920b65c65f10b2ae65c831a81a073a89edd28c7cce89475bff467ab4167a"
"checksum syn 0.10.8 (registry+https://github.com/rust-lang/crates.io-index)" = "58fd09df59565db3399efbba34ba8a2fec1307511ebd245d0061ff9d42691673"
"checksum unicode-xid 0.0.4 (registry+https://github.com/rust-lang/crates.io-index)" = "8c1f860d7d29cf02cb2f3f359fd35991af3d30bac52c57d265a3c461074cb4dc"
